
Microsoft Visual Studio Solution File, Format Version 12.00
# Visual Studio Version 17
VisualStudioVersion = 17.10.35004.147
MinimumVisualStudioVersion = 10.0.40219.1
Project("{9A19103F-16F7-4668-BE54-9A1E7A4F7556}") = "StringLibrary", "StringLibrary\StringLibrary.csproj", "{7390EAFF-62E8-4785-881B-27EABA844E6B}"
EndProject
Project("{9A19103F-16F7-4668-BE54-9A1E7A4F7556}") = "ShowCase", "ShowCase\ShowCase.csproj", "{F748C226-244E-4129-9EBA-CAA81A1760B3}"
EndProject
Project("{FAE04EC0-301F-11D3-BF4B-00C04F79EFBC}") = "StringLibraryTest", "StringLibraryTest\StringLibraryTest.csproj", "{FB895662-0AA7-4E88-86D0-253F88A6299F}"
EndProject
Global
	GlobalSection(SolutionConfigurationPlatforms) = preSolution
		Debug|Any CPU = Debug|Any CPU
		Release|Any CPU = Release|Any CPU
	EndGlobalSection
	GlobalSection(ProjectConfigurationPlatforms) = postSolution
		{7390EAFF-62E8-4785-881B-27EABA844E6B}.Debug|Any CPU.ActiveCfg = Debug|Any CPU
		{7390EAFF-62E8-4785-881B-27EABA844E6B}.Debug|Any CPU.Build.0 = Debug|Any CPU
		{7390EAFF-62E8-4785-881B-27EABA844E6B}.Release|Any CPU.ActiveCfg = Release|Any CPU
		{7390EAFF-62E8-4785-881B-27EABA844E6B}.Release|Any CPU.Build.0 = Release|Any CPU
		{F748C226-244E-4129-9EBA-CAA81A1760B3}.Debug|Any CPU.ActiveCfg = Debug|Any CPU
		{F748C226-244E-4129-9EBA-CAA81A1760B3}.Debug|Any CPU.Build.0 = Debug|Any CPU
		{F748C226-244E-4129-9EBA-CAA81A1760B3}.Release|Any CPU.ActiveCfg = Release|Any CPU
		{F748C226-244E-4129-9EBA-CAA81A1760B3}.Release|Any CPU.Build.0 = Release|Any CPU
		{FB895662-0AA7-4E88-86D0-253F88A6299F}.Debug|Any CPU.ActiveCfg = Debug|Any CPU
		{FB895662-0AA7-4E88-86D0-253F88A6299F}.Debug|Any CPU.Build.0 = Debug|Any CPU
		{FB895662-0AA7-4E88-86D0-253F88A6299F}.Release|Any CPU.ActiveCfg = Release|Any CPU
		{FB895662-0AA7-4E88-86D0-253F88A6299F}.Release|Any CPU.Build.0 = Release|Any CPU
	EndGlobalSection
	GlobalSection(SolutionProperties) = preSolution
		HideSolutionNode = FALSE
	EndGlobalSection
	GlobalSection(ExtensibilityGlobals) = postSolution
		SolutionGuid = {2939C13E-DE46-46E9-8615-8CD9F6F6EE37}
	EndGlobalSection
EndGlobal
